
Microsoft Visual Studio Solution File, Format Version 12.00
# Visual Studio Version 17
VisualStudioVersion = 17.1.32328.378
MinimumVisualStudioVersion = 10.0.40219.1
Project("{FAE04EC0-301F-11D3-BF4B-00C04F79EFBC}") = "ExamenParcialProg3SotoMartin", "ExamenParcialProg3SotoMartin.csproj", "{1208C2D0-8DD9-43E0-8DE0-7CD48896D158}"
EndProject
Global
	GlobalSection(SolutionConfigurationPlatforms) = preSolution
		Debug|Any CPU = Debug|Any CPU
		Release|Any CPU = Release|Any CPU
	EndGlobalSection
	GlobalSection(ProjectConfigurationPlatforms) = postSolution
		{1208C2D0-8DD9-43E0-8DE0-7CD48896D158}.Debug|Any CPU.ActiveCfg = Debug|Any CPU
		{1208C2D0-8DD9-43E0-8DE0-7CD48896D158}.Debug|Any CPU.Build.0 = Debug|Any CPU
		{1208C2D0-8DD9-43E0-8DE0-7CD48896D158}.Release|Any CPU.ActiveCfg = Release|Any CPU
		{1208C2D0-8DD9-43E0-8DE0-7CD48896D158}.Release|Any CPU.Build.0 = Release|Any CPU
	EndGlobalSection
	GlobalSection(SolutionProperties) = preSolution
		HideSolutionNode = FALSE
	EndGlobalSection
	GlobalSection(ExtensibilityGlobals) = postSolution
		SolutionGuid = {3F9E1A0B-EB41-4878-845E-555188E1D992}
	EndGlobalSection
EndGlobal
