
Microsoft Visual Studio Solution File, Format Version 12.00
# Visual Studio Version 17
VisualStudioVersion = 17.9.34723.18
MinimumVisualStudioVersion = 10.0.40219.1
Project("{9A19103F-16F7-4668-BE54-9A1E7A4F7556}") = "aplicacionOpMatBasicasProg3", "PrimeraAplicacionEnC#_SotoMartin_leg26907\aplicacionOpMatBasicasProg3.csproj", "{82D27E2C-0DCB-47F3-8B5C-8D0C042FC520}"
EndProject
Global
	GlobalSection(SolutionConfigurationPlatforms) = preSolution
		Debug|Any CPU = Debug|Any CPU
		Release|Any CPU = Release|Any CPU
	EndGlobalSection
	GlobalSection(ProjectConfigurationPlatforms) = postSolution
		{82D27E2C-0DCB-47F3-8B5C-8D0C042FC520}.Debug|Any CPU.ActiveCfg = Debug|Any CPU
		{82D27E2C-0DCB-47F3-8B5C-8D0C042FC520}.Debug|Any CPU.Build.0 = Debug|Any CPU
		{82D27E2C-0DCB-47F3-8B5C-8D0C042FC520}.Release|Any CPU.ActiveCfg = Release|Any CPU
		{82D27E2C-0DCB-47F3-8B5C-8D0C042FC520}.Release|Any CPU.Build.0 = Release|Any CPU
	EndGlobalSection
	GlobalSection(SolutionProperties) = preSolution
		HideSolutionNode = FALSE
	EndGlobalSection
	GlobalSection(ExtensibilityGlobals) = postSolution
		SolutionGuid = {258A823D-C275-4343-9273-CF1664F40C26}
	EndGlobalSection
EndGlobal
