
Microsoft Visual Studio Solution File, Format Version 12.00
# Visual Studio Version 17
VisualStudioVersion = 17.9.34723.18
MinimumVisualStudioVersion = 10.0.40219.1
Project("{FAE04EC0-301F-11D3-BF4B-00C04F79EFBC}") = "proyInterfacesProg3", "proyInterfacesProg3.csproj", "{8EE947F5-41DE-4C21-9A97-08F13B65B36C}"
EndProject
Global
	GlobalSection(SolutionConfigurationPlatforms) = preSolution
		Debug|Any CPU = Debug|Any CPU
		Release|Any CPU = Release|Any CPU
	EndGlobalSection
	GlobalSection(ProjectConfigurationPlatforms) = postSolution
		{8EE947F5-41DE-4C21-9A97-08F13B65B36C}.Debug|Any CPU.ActiveCfg = Debug|Any CPU
		{8EE947F5-41DE-4C21-9A97-08F13B65B36C}.Debug|Any CPU.Build.0 = Debug|Any CPU
		{8EE947F5-41DE-4C21-9A97-08F13B65B36C}.Release|Any CPU.ActiveCfg = Release|Any CPU
		{8EE947F5-41DE-4C21-9A97-08F13B65B36C}.Release|Any CPU.Build.0 = Release|Any CPU
	EndGlobalSection
	GlobalSection(SolutionProperties) = preSolution
		HideSolutionNode = FALSE
	EndGlobalSection
	GlobalSection(ExtensibilityGlobals) = postSolution
		SolutionGuid = {8333334D-A1CF-4975-9BAD-05FBC54FE013}
	EndGlobalSection
EndGlobal
